
Microsoft Visual Studio Solution File, Format Version 12.00
# Visual Studio Version 17
VisualStudioVersion = 17.1.32328.378
MinimumVisualStudioVersion = 10.0.40219.1
Project("{FAE04EC0-301F-11D3-BF4B-00C04F79EFBC}") = "UserAPI", "UserAPI\UserAPI.csproj", "{5D970632-D38D-4D39-9C8D-BBA264161FD4}"
EndProject
Project("{FAE04EC0-301F-11D3-BF4B-00C04F79EFBC}") = "Domain", "Domain\Domain.csproj", "{724C0C29-6AE7-4DF3-8F4F-914825351B4E}"
EndProject
Project("{FAE04EC0-301F-11D3-BF4B-00C04F79EFBC}") = "Infrastructure", "Infrastructure\Infrastructure.csproj", "{17003E70-AB61-4687-82E7-98C32A1F804B}"
EndProject
Global
	GlobalSection(SolutionConfigurationPlatforms) = preSolution
		Debug|Any CPU = Debug|Any CPU
		Release|Any CPU = Release|Any CPU
	EndGlobalSection
	GlobalSection(ProjectConfigurationPlatforms) = postSolution
		{5D970632-D38D-4D39-9C8D-BBA264161FD4}.Debug|Any CPU.ActiveCfg = Debug|Any CPU
		{5D970632-D38D-4D39-9C8D-BBA264161FD4}.Debug|Any CPU.Build.0 = Debug|Any CPU
		{5D970632-D38D-4D39-9C8D-BBA264161FD4}.Release|Any CPU.ActiveCfg = Release|Any CPU
		{5D970632-D38D-4D39-9C8D-BBA264161FD4}.Release|Any CPU.Build.0 = Release|Any CPU
		{724C0C29-6AE7-4DF3-8F4F-914825351B4E}.Debug|Any CPU.ActiveCfg = Debug|Any CPU
		{724C0C29-6AE7-4DF3-8F4F-914825351B4E}.Debug|Any CPU.Build.0 = Debug|Any CPU
		{724C0C29-6AE7-4DF3-8F4F-914825351B4E}.Release|Any CPU.ActiveCfg = Release|Any CPU
		{724C0C29-6AE7-4DF3-8F4F-914825351B4E}.Release|Any CPU.Build.0 = Release|Any CPU
		{17003E70-AB61-4687-82E7-98C32A1F804B}.Debug|Any CPU.ActiveCfg = Debug|Any CPU
		{17003E70-AB61-4687-82E7-98C32A1F804B}.Debug|Any CPU.Build.0 = Debug|Any CPU
		{17003E70-AB61-4687-82E7-98C32A1F804B}.Release|Any CPU.ActiveCfg = Release|Any CPU
		{17003E70-AB61-4687-82E7-98C32A1F804B}.Release|Any CPU.Build.0 = Release|Any CPU
	EndGlobalSection
	GlobalSection(SolutionProperties) = preSolution
		HideSolutionNode = FALSE
	EndGlobalSection
	GlobalSection(ExtensibilityGlobals) = postSolution
		SolutionGuid = {3A86EC58-AD66-4D0A-8857-76944307BFA4}
	EndGlobalSection
EndGlobal
